// !$*UTF8*$!
{
	archiveVersion = 1;
	classes = {
	};
	objectVersion = 46;
	objects = {

/* Begin PBXBuildFile section */
		FF22282D1463C77300541E31 /* Foundation.framework in Frameworks */ = {isa = PBXBuildFile; fileRef = FF22282C1463C77300541E31 /* Foundation.framework */; };
		FF2228331463C77300541E31 /* IRRecurrenceMachine.m in Sources */ = {isa = PBXBuildFile; fileRef = FF2228321463C77300541E31 /* IRRecurrenceMachine.m */; };
		FF460D16149CF8B800DB7F0B /* Cocoa.framework in Frameworks */ = {isa = PBXBuildFile; fileRef = FF460D15149CF8B800DB7F0B /* Cocoa.framework */; };
		FF460D20149CF8B800DB7F0B /* InfoPlist.strings in Resources */ = {isa = PBXBuildFile; fileRef = FF460D1E149CF8B800DB7F0B /* InfoPlist.strings */; };
		FF460D24149CF8B800DB7F0B /* IRRecurrenceMachineX.m in Sources */ = {isa = PBXBuildFile; fileRef = FF460D23149CF8B800DB7F0B /* IRRecurrenceMachineX.m */; };
		FF460D29149CF8CE00DB7F0B /* IRRecurrenceMachine.m in Sources */ = {isa = PBXBuildFile; fileRef = FF2228321463C77300541E31 /* IRRecurrenceMachine.m */; };
/* End PBXBuildFile section */

/* Begin PBXFileReference section */
		FF2228291463C77300541E31 /* libIRRecurrenceMachine.a */ = {isa = PBXFileReference; explicitFileType = archive.ar; includeInIndex = 0; path = libIRRecurrenceMachine.a; sourceTree = BUILT_PRODUCTS_DIR; };
		FF22282C1463C77300541E31 /* Foundation.framework */ = {isa = PBXFileReference; lastKnownFileType = wrapper.framework; name = Foundation.framework; path = System/Library/Frameworks/Foundation.framework; sourceTree = SDKROOT; };
		FF2228301463C77300541E31 /* IRRecurrenceMachine-Prefix.pch */ = {isa = PBXFileReference; lastKnownFileType = sourcecode.c.h; path = "IRRecurrenceMachine-Prefix.pch"; sourceTree = "<group>"; };
		FF2228311463C77300541E31 /* IRRecurrenceMachine.h */ = {isa = PBXFileReference; lastKnownFileType = sourcecode.c.h; path = IRRecurrenceMachine.h; sourceTree = "<group>"; };
		FF2228321463C77300541E31 /* IRRecurrenceMachine.m */ = {isa = PBXFileReference; lastKnownFileType = sourcecode.c.objc; path = IRRecurrenceMachine.m; sourceTree = "<group>"; };
		FF460D14149CF8B800DB7F0B /* IRRecurrenceMachineX.framework */ = {isa = PBXFileReference; explicitFileType = wrapper.framework; includeInIndex = 0; path = IRRecurrenceMachineX.framework; sourceTree = BUILT_PRODUCTS_DIR; };
		FF460D15149CF8B800DB7F0B /* Cocoa.framework */ = {isa = PBXFileReference; lastKnownFileType = wrapper.framework; name = Cocoa.framework; path = Library/Frameworks/Cocoa.framework; sourceTree = DEVELOPER_DIR; };
		FF460D18149CF8B800DB7F0B /* AppKit.framework */ = {isa = PBXFileReference; lastKnownFileType = wrapper.framework; name = AppKit.framework; path = Library/Frameworks/AppKit.framework; sourceTree = SDKROOT; };
		FF460D19149CF8B800DB7F0B /* CoreData.framework */ = {isa = PBXFileReference; lastKnownFileType = wrapper.framework; name = CoreData.framework; path = Library/Frameworks/CoreData.framework; sourceTree = SDKROOT; };
		FF460D1A149CF8B800DB7F0B /* Foundation.framework */ = {isa = PBXFileReference; lastKnownFileType = wrapper.framework; name = Foundation.framework; path = Library/Frameworks/Foundation.framework; sourceTree = SDKROOT; };
		FF460D1D149CF8B800DB7F0B /* IRRecurrenceMachineX-Info.plist */ = {isa = PBXFileReference; lastKnownFileType = text.plist.xml; path = "IRRecurrenceMachineX-Info.plist"; sourceTree = "<group>"; };
		FF460D1F149CF8B800DB7F0B /* en */ = {isa = PBXFileReference; lastKnownFileType = text.plist.strings; name = en; path = en.lproj/InfoPlist.strings; sourceTree = "<group>"; };
		FF460D21149CF8B800DB7F0B /* IRRecurrenceMachineX-Prefix.pch */ = {isa = PBXFileReference; lastKnownFileType = sourcecode.c.h; path = "IRRecurrenceMachineX-Prefix.pch"; sourceTree = "<group>"; };
		FF460D22149CF8B800DB7F0B /* IRRecurrenceMachineX.h */ = {isa = PBXFileReference; lastKnownFileType = sourcecode.c.h; path = IRRecurrenceMachineX.h; sourceTree = "<group>"; };
		FF460D23149CF8B800DB7F0B /* IRRecurrenceMachineX.m */ = {isa = PBXFileReference; lastKnownFileType = sourcecode.c.objc; path = IRRecurrenceMachineX.m; sourceTree = "<group>"; };
/* End PBXFileReference section */

/* Begin PBXFrameworksBuildPhase section */
		FF2228261463C77300541E31 /* Frameworks */ = {
			isa = PBXFrameworksBuildPhase;
			buildActionMask = 2147483647;
			files = (
				FF22282D1463C77300541E31 /* Foundation.framework in Frameworks */,
			);
			runOnlyForDeploymentPostprocessing = 0;
		};
		FF460D10149CF8B800DB7F0B /* Frameworks */ = {
			isa = PBXFrameworksBuildPhase;
			buildActionMask = 2147483647;
			files = (
				FF460D16149CF8B800DB7F0B /* Cocoa.framework in Frameworks */,
			);
			runOnlyForDeploymentPostprocessing = 0;
		};
/* End PBXFrameworksBuildPhase section */

/* Begin PBXGroup section */
		FF22281E1463C77300541E31 = {
			isa = PBXGroup;
			children = (
				FF22282E1463C77300541E31 /* IRRecurrenceMachine */,
				FF460D1B149CF8B800DB7F0B /* IRRecurrenceMachineX */,
				FF22282B1463C77300541E31 /* Frameworks */,
				FF22282A1463C77300541E31 /* Products */,
			);
			sourceTree = "<group>";
		};
		FF22282A1463C77300541E31 /* Products */ = {
			isa = PBXGroup;
			children = (
				FF2228291463C77300541E31 /* libIRRecurrenceMachine.a */,
				FF460D14149CF8B800DB7F0B /* IRRecurrenceMachineX.framework */,
			);
			name = Products;
			sourceTree = "<group>";
		};
		FF22282B1463C77300541E31 /* Frameworks */ = {
			isa = PBXGroup;
			children = (
				FF22282C1463C77300541E31 /* Foundation.framework */,
				FF460D15149CF8B800DB7F0B /* Cocoa.framework */,
				FF460D17149CF8B800DB7F0B /* Other Frameworks */,
			);
			name = Frameworks;
			sourceTree = "<group>";
		};
		FF22282E1463C77300541E31 /* IRRecurrenceMachine */ = {
			isa = PBXGroup;
			children = (
				FF2228311463C77300541E31 /* IRRecurrenceMachine.h */,
				FF2228321463C77300541E31 /* IRRecurrenceMachine.m */,
				FF22282F1463C77300541E31 /* Supporting Files */,
			);
			path = IRRecurrenceMachine;
			sourceTree = "<group>";
		};
		FF22282F1463C77300541E31 /* Supporting Files */ = {
			isa = PBXGroup;
			children = (
				FF2228301463C77300541E31 /* IRRecurrenceMachine-Prefix.pch */,
			);
			name = "Supporting Files";
			sourceTree = "<group>";
		};
		FF460D17149CF8B800DB7F0B /* Other Frameworks */ = {
			isa = PBXGroup;
			children = (
				FF460D18149CF8B800DB7F0B /* AppKit.framework */,
				FF460D19149CF8B800DB7F0B /* CoreData.framework */,
				FF460D1A149CF8B800DB7F0B /* Foundation.framework */,
			);
			name = "Other Frameworks";
			sourceTree = "<group>";
		};
		FF460D1B149CF8B800DB7F0B /* IRRecurrenceMachineX */ = {
			isa = PBXGroup;
			children = (
				FF460D22149CF8B800DB7F0B /* IRRecurrenceMachineX.h */,
				FF460D23149CF8B800DB7F0B /* IRRecurrenceMachineX.m */,
				FF460D1C149CF8B800DB7F0B /* Supporting Files */,
			);
			path = IRRecurrenceMachineX;
			sourceTree = "<group>";
		};
		FF460D1C149CF8B800DB7F0B /* Supporting Files */ = {
			isa = PBXGroup;
			children = (
				FF460D1D149CF8B800DB7F0B /* IRRecurrenceMachineX-Info.plist */,
				FF460D1E149CF8B800DB7F0B /* InfoPlist.strings */,
				FF460D21149CF8B800DB7F0B /* IRRecurrenceMachineX-Prefix.pch */,
			);
			name = "Supporting Files";
			sourceTree = "<group>";
		};
/* End PBXGroup section */

/* Begin PBXHeadersBuildPhase section */
		FF2228271463C77300541E31 /* Headers */ = {
			isa = PBXHeadersBuildPhase;
			buildActionMask = 2147483647;
			files = (
			);
			runOnlyForDeploymentPostprocessing = 0;
		};
		FF460D11149CF8B800DB7F0B /* Headers */ = {
			isa = PBXHeadersBuildPhase;
			buildActionMask = 2147483647;
			files = (
			);
			runOnlyForDeploymentPostprocessing = 0;
		};
/* End PBXHeadersBuildPhase section */

/* Begin PBXNativeTarget section */
		FF2228281463C77300541E31 /* IRRecurrenceMachine */ = {
			isa = PBXNativeTarget;
			buildConfigurationList = FF2228361463C77300541E31 /* Build configuration list for PBXNativeTarget "IRRecurrenceMachine" */;
			buildPhases = (
				FF2228251463C77300541E31 /* Sources */,
				FF2228261463C77300541E31 /* Frameworks */,
				FF2228271463C77300541E31 /* Headers */,
			);
			buildRules = (
			);
			dependencies = (
			);
			name = IRRecurrenceMachine;
			productName = IRRecurrenceMachine;
			productReference = FF2228291463C77300541E31 /* libIRRecurrenceMachine.a */;
			productType = "com.apple.product-type.library.static";
		};
		FF460D13149CF8B800DB7F0B /* IRRecurrenceMachineX */ = {
			isa = PBXNativeTarget;
			buildConfigurationList = FF460D27149CF8B800DB7F0B /* Build configuration list for PBXNativeTarget "IRRecurrenceMachineX" */;
			buildPhases = (
				FF460D0F149CF8B800DB7F0B /* Sources */,
				FF460D10149CF8B800DB7F0B /* Frameworks */,
				FF460D11149CF8B800DB7F0B /* Headers */,
				FF460D12149CF8B800DB7F0B /* Resources */,
			);
			buildRules = (
			);
			dependencies = (
			);
			name = IRRecurrenceMachineX;
			productName = IRRecurrenceMachineX;
			productReference = FF460D14149CF8B800DB7F0B /* IRRecurrenceMachineX.framework */;
			productType = "com.apple.product-type.framework";
		};
/* End PBXNativeTarget section */

/* Begin PBXProject section */
		FF2228201463C77300541E31 /* Project object */ = {
			isa = PBXProject;
			buildConfigurationList = FF2228231463C77300541E31 /* Build configuration list for PBXProject "IRRecurrenceMachine" */;
			compatibilityVersion = "Xcode 3.2";
			developmentRegion = English;
			hasScannedForEncodings = 0;
			knownRegions = (
				en,
			);
			mainGroup = FF22281E1463C77300541E31;
			productRefGroup = FF22282A1463C77300541E31 /* Products */;
			projectDirPath = "";
			projectRoot = "";
			targets = (
				FF2228281463C77300541E31 /* IRRecurrenceMachine */,
				FF460D13149CF8B800DB7F0B /* IRRecurrenceMachineX */,
			);
		};
/* End PBXProject section */

/* Begin PBXResourcesBuildPhase section */
		FF460D12149CF8B800DB7F0B /* Resources */ = {
			isa = PBXResourcesBuildPhase;
			buildActionMask = 2147483647;
			files = (
				FF460D20149CF8B800DB7F0B /* InfoPlist.strings in Resources */,
			);
			runOnlyForDeploymentPostprocessing = 0;
		};
/* End PBXResourcesBuildPhase section */

/* Begin PBXSourcesBuildPhase section */
		FF2228251463C77300541E31 /* Sources */ = {
			isa = PBXSourcesBuildPhase;
			buildActionMask = 2147483647;
			files = (
				FF2228331463C77300541E31 /* IRRecurrenceMachine.m in Sources */,
			);
			runOnlyForDeploymentPostprocessing = 0;
		};
		FF460D0F149CF8B800DB7F0B /* Sources */ = {
			isa = PBXSourcesBuildPhase;
			buildActionMask = 2147483647;
			files = (
				FF460D24149CF8B800DB7F0B /* IRRecurrenceMachineX.m in Sources */,
				FF460D29149CF8CE00DB7F0B /* IRRecurrenceMachine.m in Sources */,
			);
			runOnlyForDeploymentPostprocessing = 0;
		};
/* End PBXSourcesBuildPhase section */

/* Begin PBXVariantGroup section */
		FF460D1E149CF8B800DB7F0B /* InfoPlist.strings */ = {
			isa = PBXVariantGroup;
			children = (
				FF460D1F149CF8B800DB7F0B /* en */,
			);
			name = InfoPlist.strings;
			sourceTree = "<group>";
		};
/* End PBXVariantGroup section */

/* Begin XCBuildConfiguration section */
		FF2228341463C77300541E31 /* Debug */ = {
			isa = XCBuildConfiguration;
			buildSettings = {
				ALWAYS_SEARCH_USER_PATHS = NO;
				ARCHS = "$(ARCHS_STANDARD_32_BIT)";
				COPY_PHASE_STRIP = NO;
				GCC_C_LANGUAGE_STANDARD = gnu99;
				GCC_DYNAMIC_NO_PIC = NO;
				GCC_OPTIMIZATION_LEVEL = 0;
				GCC_PREPROCESSOR_DEFINITIONS = (
					"DEBUG=1",
					"$(inherited)",
				);
				GCC_SYMBOLS_PRIVATE_EXTERN = NO;
				GCC_VERSION = com.apple.compilers.llvm.clang.1_0;
				GCC_WARN_ABOUT_MISSING_PROTOTYPES = YES;
				GCC_WARN_ABOUT_RETURN_TYPE = YES;
				GCC_WARN_UNUSED_VARIABLE = YES;
				IPHONEOS_DEPLOYMENT_TARGET = 5.0;
				SDKROOT = iphoneos;
			};
			name = Debug;
		};
		FF2228351463C77300541E31 /* Release */ = {
			isa = XCBuildConfiguration;
			buildSettings = {
				ALWAYS_SEARCH_USER_PATHS = NO;
				ARCHS = "$(ARCHS_STANDARD_32_BIT)";
				COPY_PHASE_STRIP = YES;
				GCC_C_LANGUAGE_STANDARD = gnu99;
				GCC_VERSION = com.apple.compilers.llvm.clang.1_0;
				GCC_WARN_ABOUT_MISSING_PROTOTYPES = YES;
				GCC_WARN_ABOUT_RETURN_TYPE = YES;
				GCC_WARN_UNUSED_VARIABLE = YES;
				IPHONEOS_DEPLOYMENT_TARGET = 5.0;
				SDKROOT = iphoneos;
				VALIDATE_PRODUCT = YES;
			};
			name = Release;
		};
		FF2228371463C77300541E31 /* Debug */ = {
			isa = XCBuildConfiguration;
			buildSettings = {
				DSTROOT = /tmp/IRRecurrenceMachine.dst;
				GCC_PRECOMPILE_PREFIX_HEADER = YES;
				GCC_PREFIX_HEADER = "IRRecurrenceMachine/IRRecurrenceMachine-Prefix.pch";
				OTHER_LDFLAGS = "-ObjC";
				PRODUCT_NAME = "$(TARGET_NAME)";
				SKIP_INSTALL = YES;
			};
			name = Debug;
		};
		FF2228381463C77300541E31 /* Release */ = {
			isa = XCBuildConfiguration;
			buildSettings = {
				DSTROOT = /tmp/IRRecurrenceMachine.dst;
				GCC_PRECOMPILE_PREFIX_HEADER = YES;
				GCC_PREFIX_HEADER = "IRRecurrenceMachine/IRRecurrenceMachine-Prefix.pch";
				OTHER_LDFLAGS = "-ObjC";
				PRODUCT_NAME = "$(TARGET_NAME)";
				SKIP_INSTALL = YES;
			};
			name = Release;
		};
		FF460D25149CF8B800DB7F0B /* Debug */ = {
			isa = XCBuildConfiguration;
			buildSettings = {
				ARCHS = "$(ARCHS_STANDARD_64_BIT)";
				DYLIB_COMPATIBILITY_VERSION = 1;
				DYLIB_CURRENT_VERSION = 1;
				FRAMEWORK_SEARCH_PATHS = (
					"$(inherited)",
					"\"$(SYSTEM_APPS_DIR)/Xcode.app/Contents/Developer/Library/Frameworks\"",
				);
				FRAMEWORK_VERSION = A;
				GCC_ENABLE_OBJC_EXCEPTIONS = YES;
				GCC_PRECOMPILE_PREFIX_HEADER = YES;
				GCC_PREFIX_HEADER = "IRRecurrenceMachineX/IRRecurrenceMachineX-Prefix.pch";
				GCC_WARN_64_TO_32_BIT_CONVERSION = YES;
				GCC_WARN_UNINITIALIZED_AUTOS = YES;
				INFOPLIST_FILE = "IRRecurrenceMachineX/IRRecurrenceMachineX-Info.plist";
				INSTALL_PATH = "@executable_path/../Frameworks";
				MACOSX_DEPLOYMENT_TARGET = 10.7;
				ONLY_ACTIVE_ARCH = YES;
				PRODUCT_NAME = "$(TARGET_NAME)";
				SDKROOT = macosx;
				WRAPPER_EXTENSION = framework;
			};
			name = Debug;
		};
		FF460D26149CF8B800DB7F0B /* Release */ = {
			isa = XCBuildConfiguration;
			buildSettings = {
				ARCHS = "$(ARCHS_STANDARD_64_BIT)";
				DEBUG_INFORMATION_FORMAT = "dwarf-with-dsym";
				DYLIB_COMPATIBILITY_VERSION = 1;
				DYLIB_CURRENT_VERSION = 1;
				FRAMEWORK_SEARCH_PATHS = (
					"$(inherited)",
					"\"$(SYSTEM_APPS_DIR)/Xcode.app/Contents/Developer/Library/Frameworks\"",
				);
				FRAMEWORK_VERSION = A;
				GCC_ENABLE_OBJC_EXCEPTIONS = YES;
				GCC_PRECOMPILE_PREFIX_HEADER = YES;
				GCC_PREFIX_HEADER = "IRRecurrenceMachineX/IRRecurrenceMachineX-Prefix.pch";
				GCC_WARN_64_TO_32_BIT_CONVERSION = YES;
				GCC_WARN_UNINITIALIZED_AUTOS = YES;
				INFOPLIST_FILE = "IRRecurrenceMachineX/IRRecurrenceMachineX-Info.plist";
				INSTALL_PATH = "@executable_path/../Frameworks";
				MACOSX_DEPLOYMENT_TARGET = 10.7;
				PRODUCT_NAME = "$(TARGET_NAME)";
				SDKROOT = macosx;
				WRAPPER_EXTENSION = framework;
			};
			name = Release;
		};
/* End XCBuildConfiguration section */

/* Begin XCConfigurationList section */
		FF2228231463C77300541E31 /* Build configuration list for PBXProject "IRRecurrenceMachine" */ = {
			isa = XCConfigurationList;
			buildConfigurations = (
				FF2228341463C77300541E31 /* Debug */,
				FF2228351463C77300541E31 /* Release */,
			);
			defaultConfigurationIsVisible = 0;
			defaultConfigurationName = Release;
		};
		FF2228361463C77300541E31 /* Build configuration list for PBXNativeTarget "IRRecurrenceMachine" */ = {
			isa = XCConfigurationList;
			buildConfigurations = (
				FF2228371463C77300541E31 /* Debug */,
				FF2228381463C77300541E31 /* Release */,
			);
			defaultConfigurationIsVisible = 0;
			defaultConfigurationName = Release;
		};
		FF460D27149CF8B800DB7F0B /* Build configuration list for PBXNativeTarget "IRRecurrenceMachineX" */ = {
			isa = XCConfigurationList;
			buildConfigurations = (
				FF460D25149CF8B800DB7F0B /* Debug */,
				FF460D26149CF8B800DB7F0B /* Release */,
			);
			defaultConfigurationIsVisible = 0;
			defaultConfigurationName = Release;
		};
/* End XCConfigurationList section */
	};
	rootObject = FF2228201463C77300541E31 /* Project object */;
}
